
Microsoft Visual Studio Solution File, Format Version 12.00
# Visual Studio Version 17
VisualStudioVersion = 17.2.32519.379
MinimumVisualStudioVersion = 10.0.40219.1
Project("{8BC9CEB8-8B4A-11D0-8D11-00A0C91BC942}") = "P10_96X32_IoT", "P10_96X32_IoT.vcxproj", "{CF1FB3D2-A44E-491C-8565-24B73C163FEE}"
EndProject
Global
	GlobalSection(SolutionConfigurationPlatforms) = preSolution
		Debug|x86 = Debug|x86
		Release|x86 = Release|x86
	EndGlobalSection
	GlobalSection(ProjectConfigurationPlatforms) = postSolution
		{CF1FB3D2-A44E-491C-8565-24B73C163FEE}.Debug|x86.ActiveCfg = Debug|Win32
		{CF1FB3D2-A44E-491C-8565-24B73C163FEE}.Debug|x86.Build.0 = Debug|Win32
		{CF1FB3D2-A44E-491C-8565-24B73C163FEE}.Release|x86.ActiveCfg = Release|Win32
		{CF1FB3D2-A44E-491C-8565-24B73C163FEE}.Release|x86.Build.0 = Release|Win32
	EndGlobalSection
	GlobalSection(SolutionProperties) = preSolution
		HideSolutionNode = FALSE
	EndGlobalSection
	GlobalSection(ExtensibilityGlobals) = postSolution
		SolutionGuid = {AD2A48CC-C9BD-40C2-81C4-6ADA18C03E38}
	EndGlobalSection
EndGlobal
